// !$*UTF8*$!
{
	archiveVersion = 1;
	classes = {
	};
	objectVersion = 46;
	objects = {

/* Begin PBXBuildFile section */
		DA9404FA24783D2A9083B1AB /* Pods_ForrestCruiseApp.framework in Frameworks */ = {isa = PBXBuildFile; fileRef = 21EC2DE289ED0A92D7019DBE /* Pods_ForrestCruiseApp.framework */; };
		F8574830E0A8A3EA6E8300C9 /* Pods_ForrestCruiseAppTests.framework in Frameworks */ = {isa = PBXBuildFile; fileRef = AD4F24A4509A573B13773853 /* Pods_ForrestCruiseAppTests.framework */; };
		FB028BAA1D6626D100917859 /* RunViewController.swift in Sources */ = {isa = PBXBuildFile; fileRef = FB028BA91D6626D100917859 /* RunViewController.swift */; };
		FB028BAC1D662FD900917859 /* LocationManager.swift in Sources */ = {isa = PBXBuildFile; fileRef = FB028BAB1D662FD900917859 /* LocationManager.swift */; };
		FB7158911D625E3B00CDFFF1 /* AppDelegate.swift in Sources */ = {isa = PBXBuildFile; fileRef = FB7158901D625E3B00CDFFF1 /* AppDelegate.swift */; };
		FB7158961D625E3B00CDFFF1 /* Main.storyboard in Resources */ = {isa = PBXBuildFile; fileRef = FB7158941D625E3B00CDFFF1 /* Main.storyboard */; };
		FB7158981D625E3B00CDFFF1 /* Assets.xcassets in Resources */ = {isa = PBXBuildFile; fileRef = FB7158971D625E3B00CDFFF1 /* Assets.xcassets */; };
		FB71589B1D625E3B00CDFFF1 /* LaunchScreen.storyboard in Resources */ = {isa = PBXBuildFile; fileRef = FB7158991D625E3B00CDFFF1 /* LaunchScreen.storyboard */; };
		FB7158A61D625E3B00CDFFF1 /* ForrestCruiseAppTests.swift in Sources */ = {isa = PBXBuildFile; fileRef = FB7158A51D625E3B00CDFFF1 /* ForrestCruiseAppTests.swift */; };
		FB7158B21D62638000CDFFF1 /* HealthKit.framework in Frameworks */ = {isa = PBXBuildFile; fileRef = FB7158B11D62638000CDFFF1 /* HealthKit.framework */; };
		FB7158B41D62648400CDFFF1 /* HealthManager.swift in Sources */ = {isa = PBXBuildFile; fileRef = FB7158B31D62648400CDFFF1 /* HealthManager.swift */; };
		FB79F8071D67A7E40092E93A /* LoginViewController.swift in Sources */ = {isa = PBXBuildFile; fileRef = FB79F8061D67A7E40092E93A /* LoginViewController.swift */; };
		FBA1C0741D63E8C300DF2F0F /* TodayViewController.swift in Sources */ = {isa = PBXBuildFile; fileRef = FBA1C0731D63E8C300DF2F0F /* TodayViewController.swift */; };
		FBA1C0761D64C75000DF2F0F /* GoalViewController.swift in Sources */ = {isa = PBXBuildFile; fileRef = FBA1C0751D64C75000DF2F0F /* GoalViewController.swift */; };
		FBA1C0781D64F69E00DF2F0F /* Goal.swift in Sources */ = {isa = PBXBuildFile; fileRef = FBA1C0771D64F69E00DF2F0F /* Goal.swift */; };
		FBA1C07A1D6517E600DF2F0F /* ActivityManager.swift in Sources */ = {isa = PBXBuildFile; fileRef = FBA1C0791D6517E600DF2F0F /* ActivityManager.swift */; };
		FBA68D461D63D3B300F46B76 /* TrendControl.swift in Sources */ = {isa = PBXBuildFile; fileRef = FBA68D451D63D3B300F46B76 /* TrendControl.swift */; };
		FBA68D481D63E11200F46B76 /* WeeklyGoalControl.swift in Sources */ = {isa = PBXBuildFile; fileRef = FBA68D471D63E11200F46B76 /* WeeklyGoalControl.swift */; };
		FBAF4EFC1D6671A2002CDF72 /* FileManager.swift in Sources */ = {isa = PBXBuildFile; fileRef = FBAF4EFB1D6671A2002CDF72 /* FileManager.swift */; };
		FBAF4EFE1D6671AF002CDF72 /* FileList.swift in Sources */ = {isa = PBXBuildFile; fileRef = FBAF4EFD1D6671AF002CDF72 /* FileList.swift */; };
		FBAF4F001D6671BA002CDF72 /* RemoteAPI.swift in Sources */ = {isa = PBXBuildFile; fileRef = FBAF4EFF1D6671BA002CDF72 /* RemoteAPI.swift */; };
		FBAF4F021D667A01002CDF72 /* RunsViewController.swift in Sources */ = {isa = PBXBuildFile; fileRef = FBAF4F011D667A01002CDF72 /* RunsViewController.swift */; };
		FBAF4F041D667C41002CDF72 /* RunsTableViewCell.swift in Sources */ = {isa = PBXBuildFile; fileRef = FBAF4F031D667C41002CDF72 /* RunsTableViewCell.swift */; };
/* End PBXBuildFile section */

/* Begin PBXContainerItemProxy section */
		FB7158A21D625E3B00CDFFF1 /* PBXContainerItemProxy */ = {
			isa = PBXContainerItemProxy;
			containerPortal = FB7158851D625E3B00CDFFF1 /* Project object */;
			proxyType = 1;
			remoteGlobalIDString = FB71588C1D625E3B00CDFFF1;
			remoteInfo = ForrestCruiseApp;
		};
/* End PBXContainerItemProxy section */

/* Begin PBXFileReference section */
		21EC2DE289ED0A92D7019DBE /* Pods_ForrestCruiseApp.framework */ = {isa = PBXFileReference; explicitFileType = wrapper.framework; includeInIndex = 0; path = Pods_ForrestCruiseApp.framework; sourceTree = BUILT_PRODUCTS_DIR; };
		93019F2C79B0C475B6474C91 /* Pods-ForrestCruiseAppTests.debug.xcconfig */ = {isa = PBXFileReference; includeInIndex = 1; lastKnownFileType = text.xcconfig; name = "Pods-ForrestCruiseAppTests.debug.xcconfig"; path = "Pods/Target Support Files/Pods-ForrestCruiseAppTests/Pods-ForrestCruiseAppTests.debug.xcconfig"; sourceTree = "<group>"; };
		AD4F24A4509A573B13773853 /* Pods_ForrestCruiseAppTests.framework */ = {isa = PBXFileReference; explicitFileType = wrapper.framework; includeInIndex = 0; path = Pods_ForrestCruiseAppTests.framework; sourceTree = BUILT_PRODUCTS_DIR; };
		C314D22AD1010DC940137420 /* Pods-ForrestCruiseApp.debug.xcconfig */ = {isa = PBXFileReference; includeInIndex = 1; lastKnownFileType = text.xcconfig; name = "Pods-ForrestCruiseApp.debug.xcconfig"; path = "Pods/Target Support Files/Pods-ForrestCruiseApp/Pods-ForrestCruiseApp.debug.xcconfig"; sourceTree = "<group>"; };
		C3BABF4BCC6D5003E9268A82 /* Pods-ForrestCruiseApp.release.xcconfig */ = {isa = PBXFileReference; includeInIndex = 1; lastKnownFileType = text.xcconfig; name = "Pods-ForrestCruiseApp.release.xcconfig"; path = "Pods/Target Support Files/Pods-ForrestCruiseApp/Pods-ForrestCruiseApp.release.xcconfig"; sourceTree = "<group>"; };
		ED0E5D3B1BAA898D162D2A0A /* Pods-ForrestCruiseAppTests.release.xcconfig */ = {isa = PBXFileReference; includeInIndex = 1; lastKnownFileType = text.xcconfig; name = "Pods-ForrestCruiseAppTests.release.xcconfig"; path = "Pods/Target Support Files/Pods-ForrestCruiseAppTests/Pods-ForrestCruiseAppTests.release.xcconfig"; sourceTree = "<group>"; };
		FB028BA91D6626D100917859 /* RunViewController.swift */ = {isa = PBXFileReference; fileEncoding = 4; lastKnownFileType = sourcecode.swift; path = RunViewController.swift; sourceTree = "<group>"; };
		FB028BAB1D662FD900917859 /* LocationManager.swift */ = {isa = PBXFileReference; fileEncoding = 4; lastKnownFileType = sourcecode.swift; path = LocationManager.swift; sourceTree = "<group>"; };
		FB71588D1D625E3B00CDFFF1 /* ForrestCruiseApp.app */ = {isa = PBXFileReference; explicitFileType = wrapper.application; includeInIndex = 0; path = ForrestCruiseApp.app; sourceTree = BUILT_PRODUCTS_DIR; };
		FB7158901D625E3B00CDFFF1 /* AppDelegate.swift */ = {isa = PBXFileReference; lastKnownFileType = sourcecode.swift; path = AppDelegate.swift; sourceTree = "<group>"; };
		FB7158951D625E3B00CDFFF1 /* Base */ = {isa = PBXFileReference; lastKnownFileType = file.storyboard; name = Base; path = Base.lproj/Main.storyboard; sourceTree = "<group>"; };
		FB7158971D625E3B00CDFFF1 /* Assets.xcassets */ = {isa = PBXFileReference; lastKnownFileType = folder.assetcatalog; path = Assets.xcassets; sourceTree = "<group>"; };
		FB71589A1D625E3B00CDFFF1 /* Base */ = {isa = PBXFileReference; lastKnownFileType = file.storyboard; name = Base; path = Base.lproj/LaunchScreen.storyboard; sourceTree = "<group>"; };
		FB71589C1D625E3B00CDFFF1 /* Info.plist */ = {isa = PBXFileReference; lastKnownFileType = text.plist.xml; path = Info.plist; sourceTree = "<group>"; };
		FB7158A11D625E3B00CDFFF1 /* ForrestCruiseAppTests.xctest */ = {isa = PBXFileReference; explicitFileType = wrapper.cfbundle; includeInIndex = 0; path = ForrestCruiseAppTests.xctest; sourceTree = BUILT_PRODUCTS_DIR; };
		FB7158A51D625E3B00CDFFF1 /* ForrestCruiseAppTests.swift */ = {isa = PBXFileReference; lastKnownFileType = sourcecode.swift; path = ForrestCruiseAppTests.swift; sourceTree = "<group>"; };
		FB7158A71D625E3B00CDFFF1 /* Info.plist */ = {isa = PBXFileReference; lastKnownFileType = text.plist.xml; path = Info.plist; sourceTree = "<group>"; };
		FB7158B01D62638000CDFFF1 /* ForrestCruiseApp.entitlements */ = {isa = PBXFileReference; lastKnownFileType = text.xml; path = ForrestCruiseApp.entitlements; sourceTree = "<group>"; };
		FB7158B11D62638000CDFFF1 /* HealthKit.framework */ = {isa = PBXFileReference; lastKnownFileType = wrapper.framework; name = HealthKit.framework; path = System/Library/Frameworks/HealthKit.framework; sourceTree = SDKROOT; };
		FB7158B31D62648400CDFFF1 /* HealthManager.swift */ = {isa = PBXFileReference; fileEncoding = 4; lastKnownFileType = sourcecode.swift; path = HealthManager.swift; sourceTree = "<group>"; };
		FB79F8061D67A7E40092E93A /* LoginViewController.swift */ = {isa = PBXFileReference; fileEncoding = 4; lastKnownFileType = sourcecode.swift; path = LoginViewController.swift; sourceTree = "<group>"; };
		FBA1C0731D63E8C300DF2F0F /* TodayViewController.swift */ = {isa = PBXFileReference; fileEncoding = 4; lastKnownFileType = sourcecode.swift; path = TodayViewController.swift; sourceTree = "<group>"; };
		FBA1C0751D64C75000DF2F0F /* GoalViewController.swift */ = {isa = PBXFileReference; fileEncoding = 4; lastKnownFileType = sourcecode.swift; path = GoalViewController.swift; sourceTree = "<group>"; };
		FBA1C0771D64F69E00DF2F0F /* Goal.swift */ = {isa = PBXFileReference; fileEncoding = 4; lastKnownFileType = sourcecode.swift; path = Goal.swift; sourceTree = "<group>"; };
		FBA1C0791D6517E600DF2F0F /* ActivityManager.swift */ = {isa = PBXFileReference; fileEncoding = 4; lastKnownFileType = sourcecode.swift; path = ActivityManager.swift; sourceTree = "<group>"; };
		FBA68D451D63D3B300F46B76 /* TrendControl.swift */ = {isa = PBXFileReference; fileEncoding = 4; lastKnownFileType = sourcecode.swift; path = TrendControl.swift; sourceTree = "<group>"; };
		FBA68D471D63E11200F46B76 /* WeeklyGoalControl.swift */ = {isa = PBXFileReference; fileEncoding = 4; lastKnownFileType = sourcecode.swift; path = WeeklyGoalControl.swift; sourceTree = "<group>"; };
		FBAF4EFB1D6671A2002CDF72 /* FileManager.swift */ = {isa = PBXFileReference; fileEncoding = 4; lastKnownFileType = sourcecode.swift; path = FileManager.swift; sourceTree = "<group>"; };
		FBAF4EFD1D6671AF002CDF72 /* FileList.swift */ = {isa = PBXFileReference; fileEncoding = 4; lastKnownFileType = sourcecode.swift; path = FileList.swift; sourceTree = "<group>"; };
		FBAF4EFF1D6671BA002CDF72 /* RemoteAPI.swift */ = {isa = PBXFileReference; fileEncoding = 4; lastKnownFileType = sourcecode.swift; path = RemoteAPI.swift; sourceTree = "<group>"; };
		FBAF4F011D667A01002CDF72 /* RunsViewController.swift */ = {isa = PBXFileReference; fileEncoding = 4; lastKnownFileType = sourcecode.swift; path = RunsViewController.swift; sourceTree = "<group>"; };
		FBAF4F031D667C41002CDF72 /* RunsTableViewCell.swift */ = {isa = PBXFileReference; fileEncoding = 4; lastKnownFileType = sourcecode.swift; path = RunsTableViewCell.swift; sourceTree = "<group>"; };
/* End PBXFileReference section */

/* Begin PBXFrameworksBuildPhase section */
		FB71588A1D625E3B00CDFFF1 /* Frameworks */ = {
			isa = PBXFrameworksBuildPhase;
			buildActionMask = 2147483647;
			files = (
				FB7158B21D62638000CDFFF1 /* HealthKit.framework in Frameworks */,
				DA9404FA24783D2A9083B1AB /* Pods_ForrestCruiseApp.framework in Frameworks */,
			);
			runOnlyForDeploymentPostprocessing = 0;
		};
		FB71589E1D625E3B00CDFFF1 /* Frameworks */ = {
			isa = PBXFrameworksBuildPhase;
			buildActionMask = 2147483647;
			files = (
				F8574830E0A8A3EA6E8300C9 /* Pods_ForrestCruiseAppTests.framework in Frameworks */,
			);
			runOnlyForDeploymentPostprocessing = 0;
		};
/* End PBXFrameworksBuildPhase section */

/* Begin PBXGroup section */
		A5BFC0D6670D33D11BC83C95 /* Frameworks */ = {
			isa = PBXGroup;
			children = (
				21EC2DE289ED0A92D7019DBE /* Pods_ForrestCruiseApp.framework */,
				AD4F24A4509A573B13773853 /* Pods_ForrestCruiseAppTests.framework */,
			);
			name = Frameworks;
			sourceTree = "<group>";
		};
		D0C31D94B0406330C0F1DF6A /* Pods */ = {
			isa = PBXGroup;
			children = (
				C314D22AD1010DC940137420 /* Pods-ForrestCruiseApp.debug.xcconfig */,
				C3BABF4BCC6D5003E9268A82 /* Pods-ForrestCruiseApp.release.xcconfig */,
				93019F2C79B0C475B6474C91 /* Pods-ForrestCruiseAppTests.debug.xcconfig */,
				ED0E5D3B1BAA898D162D2A0A /* Pods-ForrestCruiseAppTests.release.xcconfig */,
			);
			name = Pods;
			sourceTree = "<group>";
		};
		FB028BA51D66222D00917859 /* Views */ = {
			isa = PBXGroup;
			children = (
				FBA1C0731D63E8C300DF2F0F /* TodayViewController.swift */,
				FB028BA91D6626D100917859 /* RunViewController.swift */,
				FBA1C0751D64C75000DF2F0F /* GoalViewController.swift */,
				FBAF4F011D667A01002CDF72 /* RunsViewController.swift */,
				FB79F8061D67A7E40092E93A /* LoginViewController.swift */,
				FBAF4F031D667C41002CDF72 /* RunsTableViewCell.swift */,
			);
			name = Views;
			sourceTree = "<group>";
		};
		FB028BA61D66223E00917859 /* Managers */ = {
			isa = PBXGroup;
			children = (
				FB7158B31D62648400CDFFF1 /* HealthManager.swift */,
				FBA1C0791D6517E600DF2F0F /* ActivityManager.swift */,
				FB028BAB1D662FD900917859 /* LocationManager.swift */,
				FBAF4EFB1D6671A2002CDF72 /* FileManager.swift */,
			);
			name = Managers;
			sourceTree = "<group>";
		};
		FB028BA71D66224B00917859 /* Controls */ = {
			isa = PBXGroup;
			children = (
				FBA68D451D63D3B300F46B76 /* TrendControl.swift */,
				FBA68D471D63E11200F46B76 /* WeeklyGoalControl.swift */,
			);
			name = Controls;
			sourceTree = "<group>";
		};
		FB028BA81D66225900917859 /* Models */ = {
			isa = PBXGroup;
			children = (
				FBA1C0771D64F69E00DF2F0F /* Goal.swift */,
			);
			name = Models;
			sourceTree = "<group>";
		};
		FB7158841D625E3B00CDFFF1 = {
			isa = PBXGroup;
			children = (
				FB7158B11D62638000CDFFF1 /* HealthKit.framework */,
				FB71588F1D625E3B00CDFFF1 /* ForrestCruiseApp */,
				FB7158A41D625E3B00CDFFF1 /* ForrestCruiseAppTests */,
				FB71588E1D625E3B00CDFFF1 /* Products */,
				D0C31D94B0406330C0F1DF6A /* Pods */,
				A5BFC0D6670D33D11BC83C95 /* Frameworks */,
			);
			sourceTree = "<group>";
		};
		FB71588E1D625E3B00CDFFF1 /* Products */ = {
			isa = PBXGroup;
			children = (
				FB71588D1D625E3B00CDFFF1 /* ForrestCruiseApp.app */,
				FB7158A11D625E3B00CDFFF1 /* ForrestCruiseAppTests.xctest */,
			);
			name = Products;
			sourceTree = "<group>";
		};
		FB71588F1D625E3B00CDFFF1 /* ForrestCruiseApp */ = {
			isa = PBXGroup;
			children = (
				FBAF4EFA1D667182002CDF72 /* Support */,
				FB028BA51D66222D00917859 /* Views */,
				FB028BA81D66225900917859 /* Models */,
				FB7158B01D62638000CDFFF1 /* ForrestCruiseApp.entitlements */,
				FB7158901D625E3B00CDFFF1 /* AppDelegate.swift */,
				FB028BA61D66223E00917859 /* Managers */,
				FB028BA71D66224B00917859 /* Controls */,
				FB7158941D625E3B00CDFFF1 /* Main.storyboard */,
				FB7158971D625E3B00CDFFF1 /* Assets.xcassets */,
				FB7158991D625E3B00CDFFF1 /* LaunchScreen.storyboard */,
				FB71589C1D625E3B00CDFFF1 /* Info.plist */,
			);
			path = ForrestCruiseApp;
			sourceTree = "<group>";
		};
		FB7158A41D625E3B00CDFFF1 /* ForrestCruiseAppTests */ = {
			isa = PBXGroup;
			children = (
				FB7158A51D625E3B00CDFFF1 /* ForrestCruiseAppTests.swift */,
				FB7158A71D625E3B00CDFFF1 /* Info.plist */,
			);
			path = ForrestCruiseAppTests;
			sourceTree = "<group>";
		};
		FBAF4EFA1D667182002CDF72 /* Support */ = {
			isa = PBXGroup;
			children = (
				FBAF4EFD1D6671AF002CDF72 /* FileList.swift */,
				FBAF4EFF1D6671BA002CDF72 /* RemoteAPI.swift */,
			);
			name = Support;
			sourceTree = "<group>";
		};
/* End PBXGroup section */

/* Begin PBXNativeTarget section */
		FB71588C1D625E3B00CDFFF1 /* ForrestCruiseApp */ = {
			isa = PBXNativeTarget;
			buildConfigurationList = FB7158AA1D625E3B00CDFFF1 /* Build configuration list for PBXNativeTarget "ForrestCruiseApp" */;
			buildPhases = (
				5B6D4D38B272A15CBD9B85E4 /* [CP] Check Pods Manifest.lock */,
				FB7158891D625E3B00CDFFF1 /* Sources */,
				FB71588A1D625E3B00CDFFF1 /* Frameworks */,
				FB71588B1D625E3B00CDFFF1 /* Resources */,
				1FE10E29F0B9D43D2EAE8BA0 /* [CP] Embed Pods Frameworks */,
				E16A49383771BFF531B61707 /* [CP] Copy Pods Resources */,
			);
			buildRules = (
			);
			dependencies = (
			);
			name = ForrestCruiseApp;
			productName = ForrestCruiseApp;
			productReference = FB71588D1D625E3B00CDFFF1 /* ForrestCruiseApp.app */;
			productType = "com.apple.product-type.application";
		};
		FB7158A01D625E3B00CDFFF1 /* ForrestCruiseAppTests */ = {
			isa = PBXNativeTarget;
			buildConfigurationList = FB7158AD1D625E3B00CDFFF1 /* Build configuration list for PBXNativeTarget "ForrestCruiseAppTests" */;
			buildPhases = (
				32E6BB4E2AFBC3F22990FD4F /* [CP] Check Pods Manifest.lock */,
				FB71589D1D625E3B00CDFFF1 /* Sources */,
				FB71589E1D625E3B00CDFFF1 /* Frameworks */,
				FB71589F1D625E3B00CDFFF1 /* Resources */,
				3870CB19D8550786E821EF73 /* [CP] Embed Pods Frameworks */,
				72A03A6A3B2F1CAA57674FDD /* [CP] Copy Pods Resources */,
			);
			buildRules = (
			);
			dependencies = (
				FB7158A31D625E3B00CDFFF1 /* PBXTargetDependency */,
			);
			name = ForrestCruiseAppTests;
			productName = ForrestCruiseAppTests;
			productReference = FB7158A11D625E3B00CDFFF1 /* ForrestCruiseAppTests.xctest */;
			productType = "com.apple.product-type.bundle.unit-test";
		};
/* End PBXNativeTarget section */

/* Begin PBXProject section */
		FB7158851D625E3B00CDFFF1 /* Project object */ = {
			isa = PBXProject;
			attributes = {
				LastSwiftUpdateCheck = 0730;
				LastUpgradeCheck = 0730;
				ORGANIZATIONNAME = "Daniel Sauble";
				TargetAttributes = {
					FB71588C1D625E3B00CDFFF1 = {
						CreatedOnToolsVersion = 7.3;
						DevelopmentTeam = FSEU58LZ4A;
						SystemCapabilities = {
							com.apple.BackgroundModes = {
								enabled = 1;
							};
							com.apple.HealthKit = {
								enabled = 1;
							};
						};
					};
					FB7158A01D625E3B00CDFFF1 = {
						CreatedOnToolsVersion = 7.3;
						TestTargetID = FB71588C1D625E3B00CDFFF1;
					};
				};
			};
			buildConfigurationList = FB7158881D625E3B00CDFFF1 /* Build configuration list for PBXProject "ForrestCruiseApp" */;
			compatibilityVersion = "Xcode 3.2";
			developmentRegion = English;
			hasScannedForEncodings = 0;
			knownRegions = (
				en,
				Base,
			);
			mainGroup = FB7158841D625E3B00CDFFF1;
			productRefGroup = FB71588E1D625E3B00CDFFF1 /* Products */;
			projectDirPath = "";
			projectRoot = "";
			targets = (
				FB71588C1D625E3B00CDFFF1 /* ForrestCruiseApp */,
				FB7158A01D625E3B00CDFFF1 /* ForrestCruiseAppTests */,
			);
		};
/* End PBXProject section */

/* Begin PBXResourcesBuildPhase section */
		FB71588B1D625E3B00CDFFF1 /* Resources */ = {
			isa = PBXResourcesBuildPhase;
			buildActionMask = 2147483647;
			files = (
				FB71589B1D625E3B00CDFFF1 /* LaunchScreen.storyboard in Resources */,
				FB7158981D625E3B00CDFFF1 /* Assets.xcassets in Resources */,
				FB7158961D625E3B00CDFFF1 /* Main.storyboard in Resources */,
			);
			runOnlyForDeploymentPostprocessing = 0;
		};
		FB71589F1D625E3B00CDFFF1 /* Resources */ = {
			isa = PBXResourcesBuildPhase;
			buildActionMask = 2147483647;
			files = (
			);
			runOnlyForDeploymentPostprocessing = 0;
		};
/* End PBXResourcesBuildPhase section */

/* Begin PBXShellScriptBuildPhase section */
		1FE10E29F0B9D43D2EAE8BA0 /* [CP] Embed Pods Frameworks */ = {
			isa = PBXShellScriptBuildPhase;
			buildActionMask = 2147483647;
			files = (
			);
			inputPaths = (
			);
			name = "[CP] Embed Pods Frameworks";
			outputPaths = (
			);
			runOnlyForDeploymentPostprocessing = 0;
			shellPath = /bin/sh;
			shellScript = "\"${SRCROOT}/Pods/Target Support Files/Pods-ForrestCruiseApp/Pods-ForrestCruiseApp-frameworks.sh\"\n";
			showEnvVarsInLog = 0;
		};
		32E6BB4E2AFBC3F22990FD4F /* [CP] Check Pods Manifest.lock */ = {
			isa = PBXShellScriptBuildPhase;
			buildActionMask = 2147483647;
			files = (
			);
			inputPaths = (
			);
			name = "[CP] Check Pods Manifest.lock";
			outputPaths = (
			);
			runOnlyForDeploymentPostprocessing = 0;
			shellPath = /bin/sh;
			shellScript = "diff \"${PODS_ROOT}/../Podfile.lock\" \"${PODS_ROOT}/Manifest.lock\" > /dev/null\nif [[ $? != 0 ]] ; then\n    cat << EOM\nerror: The sandbox is not in sync with the Podfile.lock. Run 'pod install' or update your CocoaPods installation.\nEOM\n    exit 1\nfi\n";
			showEnvVarsInLog = 0;
		};
		3870CB19D8550786E821EF73 /* [CP] Embed Pods Frameworks */ = {
			isa = PBXShellScriptBuildPhase;
			buildActionMask = 2147483647;
			files = (
			);
			inputPaths = (
			);
			name = "[CP] Embed Pods Frameworks";
			outputPaths = (
			);
			runOnlyForDeploymentPostprocessing = 0;
			shellPath = /bin/sh;
			shellScript = "\"${SRCROOT}/Pods/Target Support Files/Pods-ForrestCruiseAppTests/Pods-ForrestCruiseAppTests-frameworks.sh\"\n";
			showEnvVarsInLog = 0;
		};
		5B6D4D38B272A15CBD9B85E4 /* [CP] Check Pods Manifest.lock */ = {
			isa = PBXShellScriptBuildPhase;
			buildActionMask = 2147483647;
			files = (
			);
			inputPaths = (
			);
			name = "[CP] Check Pods Manifest.lock";
			outputPaths = (
			);
			runOnlyForDeploymentPostprocessing = 0;
			shellPath = /bin/sh;
			shellScript = "diff \"${PODS_ROOT}/../Podfile.lock\" \"${PODS_ROOT}/Manifest.lock\" > /dev/null\nif [[ $? != 0 ]] ; then\n    cat << EOM\nerror: The sandbox is not in sync with the Podfile.lock. Run 'pod install' or update your CocoaPods installation.\nEOM\n    exit 1\nfi\n";
			showEnvVarsInLog = 0;
		};
		72A03A6A3B2F1CAA57674FDD /* [CP] Copy Pods Resources */ = {
			isa = PBXShellScriptBuildPhase;
			buildActionMask = 2147483647;
			files = (
			);
			inputPaths = (
			);
			name = "[CP] Copy Pods Resources";
			outputPaths = (
			);
			runOnlyForDeploymentPostprocessing = 0;
			shellPath = /bin/sh;
			shellScript = "\"${SRCROOT}/Pods/Target Support Files/Pods-ForrestCruiseAppTests/Pods-ForrestCruiseAppTests-resources.sh\"\n";
			showEnvVarsInLog = 0;
		};
		E16A49383771BFF531B61707 /* [CP] Copy Pods Resources */ = {
			isa = PBXShellScriptBuildPhase;
			buildActionMask = 2147483647;
			files = (
			);
			inputPaths = (
			);
			name = "[CP] Copy Pods Resources";
			outputPaths = (
			);
			runOnlyForDeploymentPostprocessing = 0;
			shellPath = /bin/sh;
			shellScript = "\"${SRCROOT}/Pods/Target Support Files/Pods-ForrestCruiseApp/Pods-ForrestCruiseApp-resources.sh\"\n";
			showEnvVarsInLog = 0;
		};
/* End PBXShellScriptBuildPhase section */

/* Begin PBXSourcesBuildPhase section */
		FB7158891D625E3B00CDFFF1 /* Sources */ = {
			isa = PBXSourcesBuildPhase;
			buildActionMask = 2147483647;
			files = (
				FBA1C07A1D6517E600DF2F0F /* ActivityManager.swift in Sources */,
				FB028BAA1D6626D100917859 /* RunViewController.swift in Sources */,
				FBAF4EFC1D6671A2002CDF72 /* FileManager.swift in Sources */,
				FB028BAC1D662FD900917859 /* LocationManager.swift in Sources */,
				FBA68D481D63E11200F46B76 /* WeeklyGoalControl.swift in Sources */,
				FBAF4F001D6671BA002CDF72 /* RemoteAPI.swift in Sources */,
				FBA1C0741D63E8C300DF2F0F /* TodayViewController.swift in Sources */,
				FB7158B41D62648400CDFFF1 /* HealthManager.swift in Sources */,
				FBA1C0761D64C75000DF2F0F /* GoalViewController.swift in Sources */,
				FBAF4F041D667C41002CDF72 /* RunsTableViewCell.swift in Sources */,
				FB7158911D625E3B00CDFFF1 /* AppDelegate.swift in Sources */,
				FBAF4F021D667A01002CDF72 /* RunsViewController.swift in Sources */,
				FB79F8071D67A7E40092E93A /* LoginViewController.swift in Sources */,
				FBAF4EFE1D6671AF002CDF72 /* FileList.swift in Sources */,
				FBA68D461D63D3B300F46B76 /* TrendControl.swift in Sources */,
				FBA1C0781D64F69E00DF2F0F /* Goal.swift in Sources */,
			);
			runOnlyForDeploymentPostprocessing = 0;
		};
		FB71589D1D625E3B00CDFFF1 /* Sources */ = {
			isa = PBXSourcesBuildPhase;
			buildActionMask = 2147483647;
			files = (
				FB7158A61D625E3B00CDFFF1 /* ForrestCruiseAppTests.swift in Sources */,
			);
			runOnlyForDeploymentPostprocessing = 0;
		};
/* End PBXSourcesBuildPhase section */

/* Begin PBXTargetDependency section */
		FB7158A31D625E3B00CDFFF1 /* PBXTargetDependency */ = {
			isa = PBXTargetDependency;
			target = FB71588C1D625E3B00CDFFF1 /* ForrestCruiseApp */;
			targetProxy = FB7158A21D625E3B00CDFFF1 /* PBXContainerItemProxy */;
		};
/* End PBXTargetDependency section */

/* Begin PBXVariantGroup section */
		FB7158941D625E3B00CDFFF1 /* Main.storyboard */ = {
			isa = PBXVariantGroup;
			children = (
				FB7158951D625E3B00CDFFF1 /* Base */,
			);
			name = Main.storyboard;
			sourceTree = "<group>";
		};
		FB7158991D625E3B00CDFFF1 /* LaunchScreen.storyboard */ = {
			isa = PBXVariantGroup;
			children = (
				FB71589A1D625E3B00CDFFF1 /* Base */,
			);
			name = LaunchScreen.storyboard;
			sourceTree = "<group>";
		};
/* End PBXVariantGroup section */

/* Begin XCBuildConfiguration section */
		FB7158A81D625E3B00CDFFF1 /* Debug */ = {
			isa = XCBuildConfiguration;
			buildSettings = {
				ALWAYS_SEARCH_USER_PATHS = NO;
				CLANG_ANALYZER_NONNULL = YES;
				CLANG_CXX_LANGUAGE_STANDARD = "gnu++0x";
				CLANG_CXX_LIBRARY = "libc++";
				CLANG_ENABLE_MODULES = YES;
				CLANG_ENABLE_OBJC_ARC = YES;
				CLANG_WARN_BOOL_CONVERSION = YES;
				CLANG_WARN_CONSTANT_CONVERSION = YES;
				CLANG_WARN_DIRECT_OBJC_ISA_USAGE = YES_ERROR;
				CLANG_WARN_EMPTY_BODY = YES;
				CLANG_WARN_ENUM_CONVERSION = YES;
				CLANG_WARN_INT_CONVERSION = YES;
				CLANG_WARN_OBJC_ROOT_CLASS = YES_ERROR;
				CLANG_WARN_UNREACHABLE_CODE = YES;
				CLANG_WARN__DUPLICATE_METHOD_MATCH = YES;
				"CODE_SIGN_IDENTITY[sdk=iphoneos*]" = "iPhone Developer";
				COPY_PHASE_STRIP = NO;
				DEBUG_INFORMATION_FORMAT = dwarf;
				ENABLE_STRICT_OBJC_MSGSEND = YES;
				ENABLE_TESTABILITY = YES;
				GCC_C_LANGUAGE_STANDARD = gnu99;
				GCC_DYNAMIC_NO_PIC = NO;
				GCC_NO_COMMON_BLOCKS = YES;
				GCC_OPTIMIZATION_LEVEL = 0;
				GCC_PREPROCESSOR_DEFINITIONS = (
					"DEBUG=1",
					"$(inherited)",
				);
				GCC_WARN_64_TO_32_BIT_CONVERSION = YES;
				GCC_WARN_ABOUT_RETURN_TYPE = YES_ERROR;
				GCC_WARN_UNDECLARED_SELECTOR = YES;
				GCC_WARN_UNINITIALIZED_AUTOS = YES_AGGRESSIVE;
				GCC_WARN_UNUSED_FUNCTION = YES;
				GCC_WARN_UNUSED_VARIABLE = YES;
				IPHONEOS_DEPLOYMENT_TARGET = 9.3;
				MTL_ENABLE_DEBUG_INFO = YES;
				ONLY_ACTIVE_ARCH = YES;
				SDKROOT = iphoneos;
				SWIFT_OPTIMIZATION_LEVEL = "-Onone";
				TARGETED_DEVICE_FAMILY = "1,2";
			};
			name = Debug;
		};
		FB7158A91D625E3B00CDFFF1 /* Release */ = {
			isa = XCBuildConfiguration;
			buildSettings = {
				ALWAYS_SEARCH_USER_PATHS = NO;
				CLANG_ANALYZER_NONNULL = YES;
				CLANG_CXX_LANGUAGE_STANDARD = "gnu++0x";
				CLANG_CXX_LIBRARY = "libc++";
				CLANG_ENABLE_MODULES = YES;
				CLANG_ENABLE_OBJC_ARC = YES;
				CLANG_WARN_BOOL_CONVERSION = YES;
				CLANG_WARN_CONSTANT_CONVERSION = YES;
				CLANG_WARN_DIRECT_OBJC_ISA_USAGE = YES_ERROR;
				CLANG_WARN_EMPTY_BODY = YES;
				CLANG_WARN_ENUM_CONVERSION = YES;
				CLANG_WARN_INT_CONVERSION = YES;
				CLANG_WARN_OBJC_ROOT_CLASS = YES_ERROR;
				CLANG_WARN_UNREACHABLE_CODE = YES;
				CLANG_WARN__DUPLICATE_METHOD_MATCH = YES;
				"CODE_SIGN_IDENTITY[sdk=iphoneos*]" = "iPhone Developer";
				COPY_PHASE_STRIP = NO;
				DEBUG_INFORMATION_FORMAT = "dwarf-with-dsym";
				ENABLE_NS_ASSERTIONS = NO;
				ENABLE_STRICT_OBJC_MSGSEND = YES;
				GCC_C_LANGUAGE_STANDARD = gnu99;
				GCC_NO_COMMON_BLOCKS = YES;
				GCC_WARN_64_TO_32_BIT_CONVERSION = YES;
				GCC_WARN_ABOUT_RETURN_TYPE = YES_ERROR;
				GCC_WARN_UNDECLARED_SELECTOR = YES;
				GCC_WARN_UNINITIALIZED_AUTOS = YES_AGGRESSIVE;
				GCC_WARN_UNUSED_FUNCTION = YES;
				GCC_WARN_UNUSED_VARIABLE = YES;
				IPHONEOS_DEPLOYMENT_TARGET = 9.3;
				MTL_ENABLE_DEBUG_INFO = NO;
				SDKROOT = iphoneos;
				TARGETED_DEVICE_FAMILY = "1,2";
				VALIDATE_PRODUCT = YES;
			};
			name = Release;
		};
		FB7158AB1D625E3B00CDFFF1 /* Debug */ = {
			isa = XCBuildConfiguration;
			baseConfigurationReference = C314D22AD1010DC940137420 /* Pods-ForrestCruiseApp.debug.xcconfig */;
			buildSettings = {
				ASSETCATALOG_COMPILER_APPICON_NAME = AppIcon;
				CODE_SIGN_ENTITLEMENTS = ForrestCruiseApp/ForrestCruiseApp.entitlements;
				INFOPLIST_FILE = ForrestCruiseApp/Info.plist;
				LD_RUNPATH_SEARCH_PATHS = "$(inherited) @executable_path/Frameworks";
				PRODUCT_BUNDLE_IDENTIFIER = com.danielsauble.ForrestCruiseApp;
				PRODUCT_NAME = "$(TARGET_NAME)";
			};
			name = Debug;
		};
		FB7158AC1D625E3B00CDFFF1 /* Release */ = {
			isa = XCBuildConfiguration;
			baseConfigurationReference = C3BABF4BCC6D5003E9268A82 /* Pods-ForrestCruiseApp.release.xcconfig */;
			buildSettings = {
				ASSETCATALOG_COMPILER_APPICON_NAME = AppIcon;
				CODE_SIGN_ENTITLEMENTS = ForrestCruiseApp/ForrestCruiseApp.entitlements;
				INFOPLIST_FILE = ForrestCruiseApp/Info.plist;
				LD_RUNPATH_SEARCH_PATHS = "$(inherited) @executable_path/Frameworks";
				PRODUCT_BUNDLE_IDENTIFIER = com.danielsauble.ForrestCruiseApp;
				PRODUCT_NAME = "$(TARGET_NAME)";
			};
			name = Release;
		};
		FB7158AE1D625E3B00CDFFF1 /* Debug */ = {
			isa = XCBuildConfiguration;
			baseConfigurationReference = 93019F2C79B0C475B6474C91 /* Pods-ForrestCruiseAppTests.debug.xcconfig */;
			buildSettings = {
				BUNDLE_LOADER = "$(TEST_HOST)";
				INFOPLIST_FILE = ForrestCruiseAppTests/Info.plist;
				LD_RUNPATH_SEARCH_PATHS = "$(inherited) @executable_path/Frameworks @loader_path/Frameworks";
				PRODUCT_BUNDLE_IDENTIFIER = com.danielsauble.ForrestCruiseAppTests;
				PRODUCT_NAME = "$(TARGET_NAME)";
				TEST_HOST = "$(BUILT_PRODUCTS_DIR)/ForrestCruiseApp.app/ForrestCruiseApp";
			};
			name = Debug;
		};
		FB7158AF1D625E3B00CDFFF1 /* Release */ = {
			isa = XCBuildConfiguration;
			baseConfigurationReference = ED0E5D3B1BAA898D162D2A0A /* Pods-ForrestCruiseAppTests.release.xcconfig */;
			buildSettings = {
				BUNDLE_LOADER = "$(TEST_HOST)";
				INFOPLIST_FILE = ForrestCruiseAppTests/Info.plist;
				LD_RUNPATH_SEARCH_PATHS = "$(inherited) @executable_path/Frameworks @loader_path/Frameworks";
				PRODUCT_BUNDLE_IDENTIFIER = com.danielsauble.ForrestCruiseAppTests;
				PRODUCT_NAME = "$(TARGET_NAME)";
				TEST_HOST = "$(BUILT_PRODUCTS_DIR)/ForrestCruiseApp.app/ForrestCruiseApp";
			};
			name = Release;
		};
/* End XCBuildConfiguration section */

/* Begin XCConfigurationList section */
		FB7158881D625E3B00CDFFF1 /* Build configuration list for PBXProject "ForrestCruiseApp" */ = {
			isa = XCConfigurationList;
			buildConfigurations = (
				FB7158A81D625E3B00CDFFF1 /* Debug */,
				FB7158A91D625E3B00CDFFF1 /* Release */,
			);
			defaultConfigurationIsVisible = 0;
			defaultConfigurationName = Release;
		};
		FB7158AA1D625E3B00CDFFF1 /* Build configuration list for PBXNativeTarget "ForrestCruiseApp" */ = {
			isa = XCConfigurationList;
			buildConfigurations = (
				FB7158AB1D625E3B00CDFFF1 /* Debug */,
				FB7158AC1D625E3B00CDFFF1 /* Release */,
			);
			defaultConfigurationIsVisible = 0;
			defaultConfigurationName = Release;
		};
		FB7158AD1D625E3B00CDFFF1 /* Build configuration list for PBXNativeTarget "ForrestCruiseAppTests" */ = {
			isa = XCConfigurationList;
			buildConfigurations = (
				FB7158AE1D625E3B00CDFFF1 /* Debug */,
				FB7158AF1D625E3B00CDFFF1 /* Release */,
			);
			defaultConfigurationIsVisible = 0;
			defaultConfigurationName = Release;
		};
/* End XCConfigurationList section */
	};
	rootObject = FB7158851D625E3B00CDFFF1 /* Project object */;
}
